// !$*UTF8*$!
{
	archiveVersion = 1;
	classes = {
	};
	objectVersion = 55;
	objects = {

/* Begin PBXBuildFile section */
		D004B717280C9AAA0053A063 /* XCTestCase+MomoryLeakTracking.swift in Sources */ = {isa = PBXBuildFile; fileRef = D004B716280C9AAA0053A063 /* XCTestCase+MomoryLeakTracking.swift */; };
		D004B719280C9B0E0053A063 /* SharedTestHelpers.swift in Sources */ = {isa = PBXBuildFile; fileRef = D004B718280C9B0E0053A063 /* SharedTestHelpers.swift */; };
		D02A5922285FBC1C00A7C2C2 /* LoadResourcePresentationAdapter.swift in Sources */ = {isa = PBXBuildFile; fileRef = D02A5921285FBC1C00A7C2C2 /* LoadResourcePresentationAdapter.swift */; };
		D02A5926285FBC7100A7C2C2 /* FeedViewAdapter.swift in Sources */ = {isa = PBXBuildFile; fileRef = D02A5925285FBC7100A7C2C2 /* FeedViewAdapter.swift */; };
		D02A5928285FBCE100A7C2C2 /* WeakRefVirtualProxy.swift in Sources */ = {isa = PBXBuildFile; fileRef = D02A5927285FBCE100A7C2C2 /* WeakRefVirtualProxy.swift */; };
		D090D69F28075F34006E7345 /* AppDelegate.swift in Sources */ = {isa = PBXBuildFile; fileRef = D090D69E28075F34006E7345 /* AppDelegate.swift */; };
		D090D6A128075F34006E7345 /* SceneDelegate.swift in Sources */ = {isa = PBXBuildFile; fileRef = D090D6A028075F34006E7345 /* SceneDelegate.swift */; };
		D090D6A328075F34006E7345 /* ViewController.swift in Sources */ = {isa = PBXBuildFile; fileRef = D090D6A228075F34006E7345 /* ViewController.swift */; };
		D090D6A828075F35006E7345 /* Assets.xcassets in Resources */ = {isa = PBXBuildFile; fileRef = D090D6A728075F35006E7345 /* Assets.xcassets */; };
		D090D6AB28075F35006E7345 /* LaunchScreen.storyboard in Resources */ = {isa = PBXBuildFile; fileRef = D090D6A928075F35006E7345 /* LaunchScreen.storyboard */; };
		D0BA979328129FCA0037D5B3 /* SceneDelegateTests.swift in Sources */ = {isa = PBXBuildFile; fileRef = D0BA979228129FCA0037D5B3 /* SceneDelegateTests.swift */; };
		D0BA97972812A3B50037D5B3 /* FeedUIComposer.swift in Sources */ = {isa = PBXBuildFile; fileRef = D0BA97942812A3B50037D5B3 /* FeedUIComposer.swift */; };
		D0BA97A12812A3E00037D5B3 /* FeedUIIntegrationTests+Localization.swift in Sources */ = {isa = PBXBuildFile; fileRef = D0BA97982812A3DF0037D5B3 /* FeedUIIntegrationTests+Localization.swift */; };
		D0BA97A22812A3E00037D5B3 /* UIControl+TestHelpers.swift in Sources */ = {isa = PBXBuildFile; fileRef = D0BA979D2812A3E00037D5B3 /* UIControl+TestHelpers.swift */; };
		D0BA97A32812A3E00037D5B3 /* UIRefreshControl+TestHelpers.swift in Sources */ = {isa = PBXBuildFile; fileRef = D0BA979A2812A3DF0037D5B3 /* UIRefreshControl+TestHelpers.swift */; };
		D0BA97A42812A3E00037D5B3 /* FeedViewController+TestHelpers.swift in Sources */ = {isa = PBXBuildFile; fileRef = D0BA979E2812A3E00037D5B3 /* FeedViewController+TestHelpers.swift */; };
		D0BA97A52812A3E00037D5B3 /* FeedImageCell+TestHelpers.swift in Sources */ = {isa = PBXBuildFile; fileRef = D0BA979C2812A3DF0037D5B3 /* FeedImageCell+TestHelpers.swift */; };
		D0BA97A62812A3E00037D5B3 /* UIImage+TestHelpers.swift in Sources */ = {isa = PBXBuildFile; fileRef = D0BA979F2812A3E00037D5B3 /* UIImage+TestHelpers.swift */; };
		D0BA97A72812A3E00037D5B3 /* FeedViewControllerTests+LoaderSpy.swift in Sources */ = {isa = PBXBuildFile; fileRef = D0BA97992812A3DF0037D5B3 /* FeedViewControllerTests+LoaderSpy.swift */; };
		D0BA97A82812A3E00037D5B3 /* UIButton+TestHelpers.swift in Sources */ = {isa = PBXBuildFile; fileRef = D0BA979B2812A3DF0037D5B3 /* UIButton+TestHelpers.swift */; };
		D0BA97A92812A3E00037D5B3 /* FeedViewControllerTests+Assertions.swift in Sources */ = {isa = PBXBuildFile; fileRef = D0BA97A02812A3E00037D5B3 /* FeedViewControllerTests+Assertions.swift */; };
		D0BA97AF2812A6360037D5B3 /* FeedAcceptanceTests.swift in Sources */ = {isa = PBXBuildFile; fileRef = D0BA97AE2812A6360037D5B3 /* FeedAcceptanceTests.swift */; };
		D0BA97B128130F5F0037D5B3 /* FeedUIIntegrationTests.swift in Sources */ = {isa = PBXBuildFile; fileRef = D0BA97AC2812A4370037D5B3 /* FeedUIIntegrationTests.swift */; };
		D0BA97C02816CF700037D5B3 /* CombineHelpers.swift in Sources */ = {isa = PBXBuildFile; fileRef = D0BA97BF2816CF700037D5B3 /* CombineHelpers.swift */; };
		D0EC7B812807667300FF71B4 /* EssentialFeediOS.framework in Frameworks */ = {isa = PBXBuildFile; fileRef = D0EC7B802807667300FF71B4 /* EssentialFeediOS.framework */; };
		D0EC7B822807667300FF71B4 /* EssentialFeediOS.framework in Embed Frameworks */ = {isa = PBXBuildFile; fileRef = D0EC7B802807667300FF71B4 /* EssentialFeediOS.framework */; settings = {ATTRIBUTES = (CodeSignOnCopy, RemoveHeadersOnCopy, ); }; };
/* End PBXBuildFile section */

/* Begin PBXContainerItemProxy section */
		D090D6B228075F35006E7345 /* PBXContainerItemProxy */ = {
			isa = PBXContainerItemProxy;
			containerPortal = D090D69328075F34006E7345 /* Project object */;
			proxyType = 1;
			remoteGlobalIDString = D090D69A28075F34006E7345;
			remoteInfo = EssentialApp;
		};
/* End PBXContainerItemProxy section */

/* Begin PBXCopyFilesBuildPhase section */
		D0EC7B832807667300FF71B4 /* Embed Frameworks */ = {
			isa = PBXCopyFilesBuildPhase;
			buildActionMask = 2147483647;
			dstPath = "";
			dstSubfolderSpec = 10;
			files = (
				D0EC7B822807667300FF71B4 /* EssentialFeediOS.framework in Embed Frameworks */,
			);
			name = "Embed Frameworks";
			runOnlyForDeploymentPostprocessing = 0;
		};
/* End PBXCopyFilesBuildPhase section */

/* Begin PBXFileReference section */
		D004B716280C9AAA0053A063 /* XCTestCase+MomoryLeakTracking.swift */ = {isa = PBXFileReference; lastKnownFileType = sourcecode.swift; path = "XCTestCase+MomoryLeakTracking.swift"; sourceTree = "<group>"; };
		D004B718280C9B0E0053A063 /* SharedTestHelpers.swift */ = {isa = PBXFileReference; lastKnownFileType = sourcecode.swift; path = SharedTestHelpers.swift; sourceTree = "<group>"; };
		D02A5921285FBC1C00A7C2C2 /* LoadResourcePresentationAdapter.swift */ = {isa = PBXFileReference; lastKnownFileType = sourcecode.swift; path = LoadResourcePresentationAdapter.swift; sourceTree = "<group>"; };
		D02A5925285FBC7100A7C2C2 /* FeedViewAdapter.swift */ = {isa = PBXFileReference; lastKnownFileType = sourcecode.swift; path = FeedViewAdapter.swift; sourceTree = "<group>"; };
		D02A5927285FBCE100A7C2C2 /* WeakRefVirtualProxy.swift */ = {isa = PBXFileReference; lastKnownFileType = sourcecode.swift; path = WeakRefVirtualProxy.swift; sourceTree = "<group>"; };
		D090D69B28075F34006E7345 /* EssentialApp.app */ = {isa = PBXFileReference; explicitFileType = wrapper.application; includeInIndex = 0; path = EssentialApp.app; sourceTree = BUILT_PRODUCTS_DIR; };
		D090D69E28075F34006E7345 /* AppDelegate.swift */ = {isa = PBXFileReference; lastKnownFileType = sourcecode.swift; path = AppDelegate.swift; sourceTree = "<group>"; };
		D090D6A028075F34006E7345 /* SceneDelegate.swift */ = {isa = PBXFileReference; lastKnownFileType = sourcecode.swift; path = SceneDelegate.swift; sourceTree = "<group>"; };
		D090D6A228075F34006E7345 /* ViewController.swift */ = {isa = PBXFileReference; lastKnownFileType = sourcecode.swift; path = ViewController.swift; sourceTree = "<group>"; };
		D090D6A728075F35006E7345 /* Assets.xcassets */ = {isa = PBXFileReference; lastKnownFileType = folder.assetcatalog; path = Assets.xcassets; sourceTree = "<group>"; };
		D090D6AA28075F35006E7345 /* Base */ = {isa = PBXFileReference; lastKnownFileType = file.storyboard; name = Base; path = Base.lproj/LaunchScreen.storyboard; sourceTree = "<group>"; };
		D090D6AC28075F35006E7345 /* Info.plist */ = {isa = PBXFileReference; lastKnownFileType = text.plist.xml; path = Info.plist; sourceTree = "<group>"; };
		D090D6B128075F35006E7345 /* EssentialAppTests.xctest */ = {isa = PBXFileReference; explicitFileType = wrapper.cfbundle; includeInIndex = 0; path = EssentialAppTests.xctest; sourceTree = BUILT_PRODUCTS_DIR; };
		D0BA979228129FCA0037D5B3 /* SceneDelegateTests.swift */ = {isa = PBXFileReference; lastKnownFileType = sourcecode.swift; path = SceneDelegateTests.swift; sourceTree = "<group>"; };
		D0BA97942812A3B50037D5B3 /* FeedUIComposer.swift */ = {isa = PBXFileReference; lastKnownFileType = sourcecode.swift; path = FeedUIComposer.swift; sourceTree = "<group>"; };
		D0BA97982812A3DF0037D5B3 /* FeedUIIntegrationTests+Localization.swift */ = {isa = PBXFileReference; lastKnownFileType = sourcecode.swift; path = "FeedUIIntegrationTests+Localization.swift"; sourceTree = "<group>"; };
		D0BA97992812A3DF0037D5B3 /* FeedViewControllerTests+LoaderSpy.swift */ = {isa = PBXFileReference; lastKnownFileType = sourcecode.swift; path = "FeedViewControllerTests+LoaderSpy.swift"; sourceTree = "<group>"; };
		D0BA979A2812A3DF0037D5B3 /* UIRefreshControl+TestHelpers.swift */ = {isa = PBXFileReference; lastKnownFileType = sourcecode.swift; path = "UIRefreshControl+TestHelpers.swift"; sourceTree = "<group>"; };
		D0BA979B2812A3DF0037D5B3 /* UIButton+TestHelpers.swift */ = {isa = PBXFileReference; lastKnownFileType = sourcecode.swift; path = "UIButton+TestHelpers.swift"; sourceTree = "<group>"; };
		D0BA979C2812A3DF0037D5B3 /* FeedImageCell+TestHelpers.swift */ = {isa = PBXFileReference; lastKnownFileType = sourcecode.swift; path = "FeedImageCell+TestHelpers.swift"; sourceTree = "<group>"; };
		D0BA979D2812A3E00037D5B3 /* UIControl+TestHelpers.swift */ = {isa = PBXFileReference; lastKnownFileType = sourcecode.swift; path = "UIControl+TestHelpers.swift"; sourceTree = "<group>"; };
		D0BA979E2812A3E00037D5B3 /* FeedViewController+TestHelpers.swift */ = {isa = PBXFileReference; lastKnownFileType = sourcecode.swift; path = "FeedViewController+TestHelpers.swift"; sourceTree = "<group>"; };
		D0BA979F2812A3E00037D5B3 /* UIImage+TestHelpers.swift */ = {isa = PBXFileReference; lastKnownFileType = sourcecode.swift; path = "UIImage+TestHelpers.swift"; sourceTree = "<group>"; };
		D0BA97A02812A3E00037D5B3 /* FeedViewControllerTests+Assertions.swift */ = {isa = PBXFileReference; lastKnownFileType = sourcecode.swift; path = "FeedViewControllerTests+Assertions.swift"; sourceTree = "<group>"; };
		D0BA97AC2812A4370037D5B3 /* FeedUIIntegrationTests.swift */ = {isa = PBXFileReference; lastKnownFileType = sourcecode.swift; path = FeedUIIntegrationTests.swift; sourceTree = "<group>"; };
		D0BA97AE2812A6360037D5B3 /* FeedAcceptanceTests.swift */ = {isa = PBXFileReference; lastKnownFileType = sourcecode.swift; path = FeedAcceptanceTests.swift; sourceTree = "<group>"; };
		D0BA97BF2816CF700037D5B3 /* CombineHelpers.swift */ = {isa = PBXFileReference; lastKnownFileType = sourcecode.swift; path = CombineHelpers.swift; sourceTree = "<group>"; };
		D0EC7B802807667300FF71B4 /* EssentialFeediOS.framework */ = {isa = PBXFileReference; explicitFileType = wrapper.framework; path = EssentialFeediOS.framework; sourceTree = BUILT_PRODUCTS_DIR; };
/* End PBXFileReference section */

/* Begin PBXFrameworksBuildPhase section */
		D090D69828075F34006E7345 /* Frameworks */ = {
			isa = PBXFrameworksBuildPhase;
			buildActionMask = 2147483647;
			files = (
				D0EC7B812807667300FF71B4 /* EssentialFeediOS.framework in Frameworks */,
			);
			runOnlyForDeploymentPostprocessing = 0;
		};
		D090D6AE28075F35006E7345 /* Frameworks */ = {
			isa = PBXFrameworksBuildPhase;
			buildActionMask = 2147483647;
			files = (
			);
			runOnlyForDeploymentPostprocessing = 0;
		};
/* End PBXFrameworksBuildPhase section */

/* Begin PBXGroup section */
		D004B715280C9A9C0053A063 /* Helpers */ = {
			isa = PBXGroup;
			children = (
				D004B716280C9AAA0053A063 /* XCTestCase+MomoryLeakTracking.swift */,
				D004B718280C9B0E0053A063 /* SharedTestHelpers.swift */,
				D0BA97982812A3DF0037D5B3 /* FeedUIIntegrationTests+Localization.swift */,
				D0BA979F2812A3E00037D5B3 /* UIImage+TestHelpers.swift */,
				D0BA979C2812A3DF0037D5B3 /* FeedImageCell+TestHelpers.swift */,
				D0BA979B2812A3DF0037D5B3 /* UIButton+TestHelpers.swift */,
				D0BA979A2812A3DF0037D5B3 /* UIRefreshControl+TestHelpers.swift */,
				D0BA979E2812A3E00037D5B3 /* FeedViewController+TestHelpers.swift */,
				D0BA97992812A3DF0037D5B3 /* FeedViewControllerTests+LoaderSpy.swift */,
				D0BA97A02812A3E00037D5B3 /* FeedViewControllerTests+Assertions.swift */,
				D0BA979D2812A3E00037D5B3 /* UIControl+TestHelpers.swift */,
			);
			path = Helpers;
			sourceTree = "<group>";
		};
		D090D69228075F34006E7345 = {
			isa = PBXGroup;
			children = (
				D090D69D28075F34006E7345 /* EssentialApp */,
				D090D6B428075F35006E7345 /* EssentialAppTests */,
				D090D69C28075F34006E7345 /* Products */,
				D0EC7B7F2807667300FF71B4 /* Frameworks */,
			);
			sourceTree = "<group>";
		};
		D090D69C28075F34006E7345 /* Products */ = {
			isa = PBXGroup;
			children = (
				D090D69B28075F34006E7345 /* EssentialApp.app */,
				D090D6B128075F35006E7345 /* EssentialAppTests.xctest */,
			);
			name = Products;
			sourceTree = "<group>";
		};
		D090D69D28075F34006E7345 /* EssentialApp */ = {
			isa = PBXGroup;
			children = (
				D090D69E28075F34006E7345 /* AppDelegate.swift */,
				D090D6A028075F34006E7345 /* SceneDelegate.swift */,
				D090D6A228075F34006E7345 /* ViewController.swift */,
				D090D6A728075F35006E7345 /* Assets.xcassets */,
				D090D6A928075F35006E7345 /* LaunchScreen.storyboard */,
				D090D6AC28075F35006E7345 /* Info.plist */,
				D0BA97942812A3B50037D5B3 /* FeedUIComposer.swift */,
				D0BA97BF2816CF700037D5B3 /* CombineHelpers.swift */,
				D02A5921285FBC1C00A7C2C2 /* LoadResourcePresentationAdapter.swift */,
				D02A5925285FBC7100A7C2C2 /* FeedViewAdapter.swift */,
				D02A5927285FBCE100A7C2C2 /* WeakRefVirtualProxy.swift */,
			);
			path = EssentialApp;
			sourceTree = "<group>";
		};
		D090D6B428075F35006E7345 /* EssentialAppTests */ = {
			isa = PBXGroup;
			children = (
				D004B715280C9A9C0053A063 /* Helpers */,
				D0BA97AC2812A4370037D5B3 /* FeedUIIntegrationTests.swift */,
				D0BA979228129FCA0037D5B3 /* SceneDelegateTests.swift */,
				D0BA97AE2812A6360037D5B3 /* FeedAcceptanceTests.swift */,
			);
			path = EssentialAppTests;
			sourceTree = "<group>";
		};
		D0EC7B7F2807667300FF71B4 /* Frameworks */ = {
			isa = PBXGroup;
			children = (
				D0EC7B802807667300FF71B4 /* EssentialFeediOS.framework */,
			);
			name = Frameworks;
			sourceTree = "<group>";
		};
/* End PBXGroup section */

/* Begin PBXNativeTarget section */
		D090D69A28075F34006E7345 /* EssentialApp */ = {
			isa = PBXNativeTarget;
			buildConfigurationList = D090D6C528075F35006E7345 /* Build configuration list for PBXNativeTarget "EssentialApp" */;
			buildPhases = (
				D090D69728075F34006E7345 /* Sources */,
				D090D69828075F34006E7345 /* Frameworks */,
				D090D69928075F34006E7345 /* Resources */,
				D0EC7B832807667300FF71B4 /* Embed Frameworks */,
			);
			buildRules = (
			);
			dependencies = (
			);
			name = EssentialApp;
			productName = EssentialApp;
			productReference = D090D69B28075F34006E7345 /* EssentialApp.app */;
			productType = "com.apple.product-type.application";
		};
		D090D6B028075F35006E7345 /* EssentialAppTests */ = {
			isa = PBXNativeTarget;
			buildConfigurationList = D090D6C828075F35006E7345 /* Build configuration list for PBXNativeTarget "EssentialAppTests" */;
			buildPhases = (
				D090D6AD28075F35006E7345 /* Sources */,
				D090D6AE28075F35006E7345 /* Frameworks */,
				D090D6AF28075F35006E7345 /* Resources */,
			);
			buildRules = (
			);
			dependencies = (
				D090D6B328075F35006E7345 /* PBXTargetDependency */,
			);
			name = EssentialAppTests;
			productName = EssentialAppTests;
			productReference = D090D6B128075F35006E7345 /* EssentialAppTests.xctest */;
			productType = "com.apple.product-type.bundle.unit-test";
		};
/* End PBXNativeTarget section */

/* Begin PBXProject section */
		D090D69328075F34006E7345 /* Project object */ = {
			isa = PBXProject;
			attributes = {
				BuildIndependentTargetsInParallel = 1;
				LastSwiftUpdateCheck = 1320;
				LastUpgradeCheck = 1320;
				TargetAttributes = {
					D090D69A28075F34006E7345 = {
						CreatedOnToolsVersion = 13.2.1;
					};
					D090D6B028075F35006E7345 = {
						CreatedOnToolsVersion = 13.2.1;
						TestTargetID = D090D69A28075F34006E7345;
					};
				};
			};
			buildConfigurationList = D090D69628075F34006E7345 /* Build configuration list for PBXProject "EssentialApp" */;
			compatibilityVersion = "Xcode 13.0";
			developmentRegion = en;
			hasScannedForEncodings = 0;
			knownRegions = (
				en,
				Base,
			);
			mainGroup = D090D69228075F34006E7345;
			productRefGroup = D090D69C28075F34006E7345 /* Products */;
			projectDirPath = "";
			projectRoot = "";
			targets = (
				D090D69A28075F34006E7345 /* EssentialApp */,
				D090D6B028075F35006E7345 /* EssentialAppTests */,
			);
		};
/* End PBXProject section */

/* Begin PBXResourcesBuildPhase section */
		D090D69928075F34006E7345 /* Resources */ = {
			isa = PBXResourcesBuildPhase;
			buildActionMask = 2147483647;
			files = (
				D090D6AB28075F35006E7345 /* LaunchScreen.storyboard in Resources */,
				D090D6A828075F35006E7345 /* Assets.xcassets in Resources */,
			);
			runOnlyForDeploymentPostprocessing = 0;
		};
		D090D6AF28075F35006E7345 /* Resources */ = {
			isa = PBXResourcesBuildPhase;
			buildActionMask = 2147483647;
			files = (
			);
			runOnlyForDeploymentPostprocessing = 0;
		};
/* End PBXResourcesBuildPhase section */

/* Begin PBXSourcesBuildPhase section */
		D090D69728075F34006E7345 /* Sources */ = {
			isa = PBXSourcesBuildPhase;
			buildActionMask = 2147483647;
			files = (
				D02A5926285FBC7100A7C2C2 /* FeedViewAdapter.swift in Sources */,
				D02A5922285FBC1C00A7C2C2 /* LoadResourcePresentationAdapter.swift in Sources */,
				D090D6A328075F34006E7345 /* ViewController.swift in Sources */,
				D090D69F28075F34006E7345 /* AppDelegate.swift in Sources */,
				D090D6A128075F34006E7345 /* SceneDelegate.swift in Sources */,
				D0BA97C02816CF700037D5B3 /* CombineHelpers.swift in Sources */,
				D02A5928285FBCE100A7C2C2 /* WeakRefVirtualProxy.swift in Sources */,
				D0BA97972812A3B50037D5B3 /* FeedUIComposer.swift in Sources */,
			);
			runOnlyForDeploymentPostprocessing = 0;
		};
		D090D6AD28075F35006E7345 /* Sources */ = {
			isa = PBXSourcesBuildPhase;
			buildActionMask = 2147483647;
			files = (
				D004B719280C9B0E0053A063 /* SharedTestHelpers.swift in Sources */,
				D0BA97A82812A3E00037D5B3 /* UIButton+TestHelpers.swift in Sources */,
				D0BA97A22812A3E00037D5B3 /* UIControl+TestHelpers.swift in Sources */,
				D0BA97A72812A3E00037D5B3 /* FeedViewControllerTests+LoaderSpy.swift in Sources */,
				D0BA979328129FCA0037D5B3 /* SceneDelegateTests.swift in Sources */,
				D0BA97A12812A3E00037D5B3 /* FeedUIIntegrationTests+Localization.swift in Sources */,
				D0BA97B128130F5F0037D5B3 /* FeedUIIntegrationTests.swift in Sources */,
				D0BA97A92812A3E00037D5B3 /* FeedViewControllerTests+Assertions.swift in Sources */,
				D0BA97A62812A3E00037D5B3 /* UIImage+TestHelpers.swift in Sources */,
				D004B717280C9AAA0053A063 /* XCTestCase+MomoryLeakTracking.swift in Sources */,
				D0BA97A32812A3E00037D5B3 /* UIRefreshControl+TestHelpers.swift in Sources */,
				D0BA97A42812A3E00037D5B3 /* FeedViewController+TestHelpers.swift in Sources */,
				D0BA97AF2812A6360037D5B3 /* FeedAcceptanceTests.swift in Sources */,
				D0BA97A52812A3E00037D5B3 /* FeedImageCell+TestHelpers.swift in Sources */,
			);
			runOnlyForDeploymentPostprocessing = 0;
		};
/* End PBXSourcesBuildPhase section */

/* Begin PBXTargetDependency section */
		D090D6B328075F35006E7345 /* PBXTargetDependency */ = {
			isa = PBXTargetDependency;
			target = D090D69A28075F34006E7345 /* EssentialApp */;
			targetProxy = D090D6B228075F35006E7345 /* PBXContainerItemProxy */;
		};
/* End PBXTargetDependency section */

/* Begin PBXVariantGroup section */
		D090D6A928075F35006E7345 /* LaunchScreen.storyboard */ = {
			isa = PBXVariantGroup;
			children = (
				D090D6AA28075F35006E7345 /* Base */,
			);
			name = LaunchScreen.storyboard;
			sourceTree = "<group>";
		};
/* End PBXVariantGroup section */

/* Begin XCBuildConfiguration section */
		D090D6C328075F35006E7345 /* Debug */ = {
			isa = XCBuildConfiguration;
			buildSettings = {
				ALWAYS_SEARCH_USER_PATHS = NO;
				CLANG_ANALYZER_NONNULL = YES;
				CLANG_ANALYZER_NUMBER_OBJECT_CONVERSION = YES_AGGRESSIVE;
				CLANG_CXX_LANGUAGE_STANDARD = "gnu++17";
				CLANG_CXX_LIBRARY = "libc++";
				CLANG_ENABLE_MODULES = YES;
				CLANG_ENABLE_OBJC_ARC = YES;
				CLANG_ENABLE_OBJC_WEAK = YES;
				CLANG_WARN_BLOCK_CAPTURE_AUTORELEASING = YES;
				CLANG_WARN_BOOL_CONVERSION = YES;
				CLANG_WARN_COMMA = YES;
				CLANG_WARN_CONSTANT_CONVERSION = YES;
				CLANG_WARN_DEPRECATED_OBJC_IMPLEMENTATIONS = YES;
				CLANG_WARN_DIRECT_OBJC_ISA_USAGE = YES_ERROR;
				CLANG_WARN_DOCUMENTATION_COMMENTS = YES;
				CLANG_WARN_EMPTY_BODY = YES;
				CLANG_WARN_ENUM_CONVERSION = YES;
				CLANG_WARN_INFINITE_RECURSION = YES;
				CLANG_WARN_INT_CONVERSION = YES;
				CLANG_WARN_NON_LITERAL_NULL_CONVERSION = YES;
				CLANG_WARN_OBJC_IMPLICIT_RETAIN_SELF = YES;
				CLANG_WARN_OBJC_LITERAL_CONVERSION = YES;
				CLANG_WARN_OBJC_ROOT_CLASS = YES_ERROR;
				CLANG_WARN_QUOTED_INCLUDE_IN_FRAMEWORK_HEADER = YES;
				CLANG_WARN_RANGE_LOOP_ANALYSIS = YES;
				CLANG_WARN_STRICT_PROTOTYPES = YES;
				CLANG_WARN_SUSPICIOUS_MOVE = YES;
				CLANG_WARN_UNGUARDED_AVAILABILITY = YES_AGGRESSIVE;
				CLANG_WARN_UNREACHABLE_CODE = YES;
				CLANG_WARN__DUPLICATE_METHOD_MATCH = YES;
				COPY_PHASE_STRIP = NO;
				DEBUG_INFORMATION_FORMAT = dwarf;
				ENABLE_STRICT_OBJC_MSGSEND = YES;
				ENABLE_TESTABILITY = YES;
				GCC_C_LANGUAGE_STANDARD = gnu11;
				GCC_DYNAMIC_NO_PIC = NO;
				GCC_NO_COMMON_BLOCKS = YES;
				GCC_OPTIMIZATION_LEVEL = 0;
				GCC_PREPROCESSOR_DEFINITIONS = (
					"DEBUG=1",
					"$(inherited)",
				);
				GCC_WARN_64_TO_32_BIT_CONVERSION = YES;
				GCC_WARN_ABOUT_RETURN_TYPE = YES_ERROR;
				GCC_WARN_UNDECLARED_SELECTOR = YES;
				GCC_WARN_UNINITIALIZED_AUTOS = YES_AGGRESSIVE;
				GCC_WARN_UNUSED_FUNCTION = YES;
				GCC_WARN_UNUSED_VARIABLE = YES;
				MTL_ENABLE_DEBUG_INFO = INCLUDE_SOURCE;
				MTL_FAST_MATH = YES;
				ONLY_ACTIVE_ARCH = YES;
				SDKROOT = iphoneos;
				SWIFT_ACTIVE_COMPILATION_CONDITIONS = DEBUG;
				SWIFT_OPTIMIZATION_LEVEL = "-Onone";
			};
			name = Debug;
		};
		D090D6C428075F35006E7345 /* Release */ = {
			isa = XCBuildConfiguration;
			buildSettings = {
				ALWAYS_SEARCH_USER_PATHS = NO;
				CLANG_ANALYZER_NONNULL = YES;
				CLANG_ANALYZER_NUMBER_OBJECT_CONVERSION = YES_AGGRESSIVE;
				CLANG_CXX_LANGUAGE_STANDARD = "gnu++17";
				CLANG_CXX_LIBRARY = "libc++";
				CLANG_ENABLE_MODULES = YES;
				CLANG_ENABLE_OBJC_ARC = YES;
				CLANG_ENABLE_OBJC_WEAK = YES;
				CLANG_WARN_BLOCK_CAPTURE_AUTORELEASING = YES;
				CLANG_WARN_BOOL_CONVERSION = YES;
				CLANG_WARN_COMMA = YES;
				CLANG_WARN_CONSTANT_CONVERSION = YES;
				CLANG_WARN_DEPRECATED_OBJC_IMPLEMENTATIONS = YES;
				CLANG_WARN_DIRECT_OBJC_ISA_USAGE = YES_ERROR;
				CLANG_WARN_DOCUMENTATION_COMMENTS = YES;
				CLANG_WARN_EMPTY_BODY = YES;
				CLANG_WARN_ENUM_CONVERSION = YES;
				CLANG_WARN_INFINITE_RECURSION = YES;
				CLANG_WARN_INT_CONVERSION = YES;
				CLANG_WARN_NON_LITERAL_NULL_CONVERSION = YES;
				CLANG_WARN_OBJC_IMPLICIT_RETAIN_SELF = YES;
				CLANG_WARN_OBJC_LITERAL_CONVERSION = YES;
				CLANG_WARN_OBJC_ROOT_CLASS = YES_ERROR;
				CLANG_WARN_QUOTED_INCLUDE_IN_FRAMEWORK_HEADER = YES;
				CLANG_WARN_RANGE_LOOP_ANALYSIS = YES;
				CLANG_WARN_STRICT_PROTOTYPES = YES;
				CLANG_WARN_SUSPICIOUS_MOVE = YES;
				CLANG_WARN_UNGUARDED_AVAILABILITY = YES_AGGRESSIVE;
				CLANG_WARN_UNREACHABLE_CODE = YES;
				CLANG_WARN__DUPLICATE_METHOD_MATCH = YES;
				COPY_PHASE_STRIP = NO;
				DEBUG_INFORMATION_FORMAT = "dwarf-with-dsym";
				ENABLE_NS_ASSERTIONS = NO;
				ENABLE_STRICT_OBJC_MSGSEND = YES;
				GCC_C_LANGUAGE_STANDARD = gnu11;
				GCC_NO_COMMON_BLOCKS = YES;
				GCC_WARN_64_TO_32_BIT_CONVERSION = YES;
				GCC_WARN_ABOUT_RETURN_TYPE = YES_ERROR;
				GCC_WARN_UNDECLARED_SELECTOR = YES;
				GCC_WARN_UNINITIALIZED_AUTOS = YES_AGGRESSIVE;
				GCC_WARN_UNUSED_FUNCTION = YES;
				GCC_WARN_UNUSED_VARIABLE = YES;
				MTL_ENABLE_DEBUG_INFO = NO;
				MTL_FAST_MATH = YES;
				SDKROOT = iphoneos;
				SWIFT_COMPILATION_MODE = wholemodule;
				SWIFT_OPTIMIZATION_LEVEL = "-O";
				VALIDATE_PRODUCT = YES;
			};
			name = Release;
		};
		D090D6C628075F35006E7345 /* Debug */ = {
			isa = XCBuildConfiguration;
			buildSettings = {
				ASSETCATALOG_COMPILER_APPICON_NAME = AppIcon;
				ASSETCATALOG_COMPILER_GLOBAL_ACCENT_COLOR_NAME = AccentColor;
				CODE_SIGN_STYLE = Automatic;
				CURRENT_PROJECT_VERSION = 1;
				DEVELOPMENT_TEAM = D83H87UGV3;
				GENERATE_INFOPLIST_FILE = YES;
				INFOPLIST_FILE = EssentialApp/Info.plist;
				INFOPLIST_KEY_UIApplicationSupportsIndirectInputEvents = YES;
				INFOPLIST_KEY_UILaunchStoryboardName = LaunchScreen;
				INFOPLIST_KEY_UISupportedInterfaceOrientations_iPad = "UIInterfaceOrientationPortrait UIInterfaceOrientationPortraitUpsideDown UIInterfaceOrientationLandscapeLeft UIInterfaceOrientationLandscapeRight";
				INFOPLIST_KEY_UISupportedInterfaceOrientations_iPhone = "UIInterfaceOrientationPortrait UIInterfaceOrientationLandscapeLeft UIInterfaceOrientationLandscapeRight";
				LD_RUNPATH_SEARCH_PATHS = (
					"$(inherited)",
					"@executable_path/Frameworks",
				);
				MARKETING_VERSION = 1.0;
				PRODUCT_BUNDLE_IDENTIFIER = Combidi.EssentialApp;
				PRODUCT_NAME = "$(TARGET_NAME)";
				SWIFT_EMIT_LOC_STRINGS = YES;
				SWIFT_VERSION = 5.0;
				TARGETED_DEVICE_FAMILY = "1,2";
			};
			name = Debug;
		};
		D090D6C728075F35006E7345 /* Release */ = {
			isa = XCBuildConfiguration;
			buildSettings = {
				ASSETCATALOG_COMPILER_APPICON_NAME = AppIcon;
				ASSETCATALOG_COMPILER_GLOBAL_ACCENT_COLOR_NAME = AccentColor;
				CODE_SIGN_STYLE = Automatic;
				CURRENT_PROJECT_VERSION = 1;
				DEVELOPMENT_TEAM = D83H87UGV3;
				GENERATE_INFOPLIST_FILE = YES;
				INFOPLIST_FILE = EssentialApp/Info.plist;
				INFOPLIST_KEY_UIApplicationSupportsIndirectInputEvents = YES;
				INFOPLIST_KEY_UILaunchStoryboardName = LaunchScreen;
				INFOPLIST_KEY_UISupportedInterfaceOrientations_iPad = "UIInterfaceOrientationPortrait UIInterfaceOrientationPortraitUpsideDown UIInterfaceOrientationLandscapeLeft UIInterfaceOrientationLandscapeRight";
				INFOPLIST_KEY_UISupportedInterfaceOrientations_iPhone = "UIInterfaceOrientationPortrait UIInterfaceOrientationLandscapeLeft UIInterfaceOrientationLandscapeRight";
				LD_RUNPATH_SEARCH_PATHS = (
					"$(inherited)",
					"@executable_path/Frameworks",
				);
				MARKETING_VERSION = 1.0;
				PRODUCT_BUNDLE_IDENTIFIER = Combidi.EssentialApp;
				PRODUCT_NAME = "$(TARGET_NAME)";
				SWIFT_EMIT_LOC_STRINGS = YES;
				SWIFT_VERSION = 5.0;
				TARGETED_DEVICE_FAMILY = "1,2";
			};
			name = Release;
		};
		D090D6C928075F35006E7345 /* Debug */ = {
			isa = XCBuildConfiguration;
			buildSettings = {
				ALWAYS_EMBED_SWIFT_STANDARD_LIBRARIES = YES;
				BUNDLE_LOADER = "$(TEST_HOST)";
				CODE_SIGN_STYLE = Automatic;
				CURRENT_PROJECT_VERSION = 1;
				DEVELOPMENT_TEAM = D83H87UGV3;
				GENERATE_INFOPLIST_FILE = YES;
				MARKETING_VERSION = 1.0;
				PRODUCT_BUNDLE_IDENTIFIER = Combidi.EssentialAppTests;
				PRODUCT_NAME = "$(TARGET_NAME)";
				SWIFT_EMIT_LOC_STRINGS = NO;
				SWIFT_VERSION = 5.0;
				TARGETED_DEVICE_FAMILY = "1,2";
				TEST_HOST = "$(BUILT_PRODUCTS_DIR)/EssentialApp.app/EssentialApp";
			};
			name = Debug;
		};
		D090D6CA28075F35006E7345 /* Release */ = {
			isa = XCBuildConfiguration;
			buildSettings = {
				ALWAYS_EMBED_SWIFT_STANDARD_LIBRARIES = YES;
				BUNDLE_LOADER = "$(TEST_HOST)";
				CODE_SIGN_STYLE = Automatic;
				CURRENT_PROJECT_VERSION = 1;
				DEVELOPMENT_TEAM = D83H87UGV3;
				GENERATE_INFOPLIST_FILE = YES;
				MARKETING_VERSION = 1.0;
				PRODUCT_BUNDLE_IDENTIFIER = Combidi.EssentialAppTests;
				PRODUCT_NAME = "$(TARGET_NAME)";
				SWIFT_EMIT_LOC_STRINGS = NO;
				SWIFT_VERSION = 5.0;
				TARGETED_DEVICE_FAMILY = "1,2";
				TEST_HOST = "$(BUILT_PRODUCTS_DIR)/EssentialApp.app/EssentialApp";
			};
			name = Release;
		};
/* End XCBuildConfiguration section */

/* Begin XCConfigurationList section */
		D090D69628075F34006E7345 /* Build configuration list for PBXProject "EssentialApp" */ = {
			isa = XCConfigurationList;
			buildConfigurations = (
				D090D6C328075F35006E7345 /* Debug */,
				D090D6C428075F35006E7345 /* Release */,
			);
			defaultConfigurationIsVisible = 0;
			defaultConfigurationName = Release;
		};
		D090D6C528075F35006E7345 /* Build configuration list for PBXNativeTarget "EssentialApp" */ = {
			isa = XCConfigurationList;
			buildConfigurations = (
				D090D6C628075F35006E7345 /* Debug */,
				D090D6C728075F35006E7345 /* Release */,
			);
			defaultConfigurationIsVisible = 0;
			defaultConfigurationName = Release;
		};
		D090D6C828075F35006E7345 /* Build configuration list for PBXNativeTarget "EssentialAppTests" */ = {
			isa = XCConfigurationList;
			buildConfigurations = (
				D090D6C928075F35006E7345 /* Debug */,
				D090D6CA28075F35006E7345 /* Release */,
			);
			defaultConfigurationIsVisible = 0;
			defaultConfigurationName = Release;
		};
/* End XCConfigurationList section */
	};
	rootObject = D090D69328075F34006E7345 /* Project object */;
}
